
Microsoft Visual Studio Solution File, Format Version 12.00
# Visual Studio Version 16
VisualStudioVersion = 16.0.30907.101
MinimumVisualStudioVersion = 10.0.40219.1
Project("{8BC9CEB8-8B4A-11D0-8D11-00A0C91BC942}") = "maple_crypto", "..\maple_crypto\maple_crypto.vcxproj", "{D844873E-C40E-495F-8B9A-8ACF225E3583}"
EndProject
Project("{FAE04EC0-301F-11D3-BF4B-00C04F79EFBC}") = "maple_server_hotfix", "maple_server_hotfix\maple_server_hotfix.csproj", "{8041827A-6A12-4D0C-B282-1894B2849AC4}"
EndProject
Project("{FAE04EC0-301F-11D3-BF4B-00C04F79EFBC}") = "maple_server_hotfix.Tests", "maple_server_hotfix.Tests\maple_server_hotfix.Tests.csproj", "{20CBB96D-7389-4A90-B3CC-5534769BE699}"
EndProject
Global
	GlobalSection(SolutionConfigurationPlatforms) = preSolution
		Debug|Any CPU = Debug|Any CPU
		Debug|x64 = Debug|x64
		Debug|x86 = Debug|x86
		Release|Any CPU = Release|Any CPU
		Release|x64 = Release|x64
		Release|x86 = Release|x86
	EndGlobalSection
	GlobalSection(ProjectConfigurationPlatforms) = postSolution
		{D844873E-C40E-495F-8B9A-8ACF225E3583}.Debug|Any CPU.ActiveCfg = Debug|Win32
		{D844873E-C40E-495F-8B9A-8ACF225E3583}.Debug|x64.ActiveCfg = Debug|x64
		{D844873E-C40E-495F-8B9A-8ACF225E3583}.Debug|x64.Build.0 = Debug|x64
		{D844873E-C40E-495F-8B9A-8ACF225E3583}.Debug|x86.ActiveCfg = Debug|Win32
		{D844873E-C40E-495F-8B9A-8ACF225E3583}.Debug|x86.Build.0 = Debug|Win32
		{D844873E-C40E-495F-8B9A-8ACF225E3583}.Release|Any CPU.ActiveCfg = Release|Win32
		{D844873E-C40E-495F-8B9A-8ACF225E3583}.Release|x64.ActiveCfg = Release|x64
		{D844873E-C40E-495F-8B9A-8ACF225E3583}.Release|x64.Build.0 = Release|x64
		{D844873E-C40E-495F-8B9A-8ACF225E3583}.Release|x86.ActiveCfg = Release|Win32
		{D844873E-C40E-495F-8B9A-8ACF225E3583}.Release|x86.Build.0 = Release|Win32
		{8041827A-6A12-4D0C-B282-1894B2849AC4}.Debug|Any CPU.ActiveCfg = Debug|Any CPU
		{8041827A-6A12-4D0C-B282-1894B2849AC4}.Debug|x64.ActiveCfg = Debug|Any CPU
		{8041827A-6A12-4D0C-B282-1894B2849AC4}.Debug|x86.ActiveCfg = Debug|Any CPU
		{8041827A-6A12-4D0C-B282-1894B2849AC4}.Release|Any CPU.ActiveCfg = Debug|Any CPU
		{8041827A-6A12-4D0C-B282-1894B2849AC4}.Release|x64.ActiveCfg = Release|Any CPU
		{8041827A-6A12-4D0C-B282-1894B2849AC4}.Release|x86.ActiveCfg = Release|Any CPU
		{8041827A-6A12-4D0C-B282-1894B2849AC4}.Debug|Any CPU.Build.0 = Debug|Any CPU
		{8041827A-6A12-4D0C-B282-1894B2849AC4}.Release|Any CPU.Build.0 = Debug|Any CPU
		{20CBB96D-7389-4A90-B3CC-5534769BE699}.Debug|Any CPU.ActiveCfg = Debug|Any CPU
		{20CBB96D-7389-4A90-B3CC-5534769BE699}.Debug|Any CPU.Build.0 = Debug|Any CPU
		{20CBB96D-7389-4A90-B3CC-5534769BE699}.Debug|x64.ActiveCfg = Debug|Any CPU
		{20CBB96D-7389-4A90-B3CC-5534769BE699}.Debug|x64.Build.0 = Debug|Any CPU
		{20CBB96D-7389-4A90-B3CC-5534769BE699}.Debug|x86.ActiveCfg = Debug|Any CPU
		{20CBB96D-7389-4A90-B3CC-5534769BE699}.Debug|x86.Build.0 = Debug|Any CPU
		{20CBB96D-7389-4A90-B3CC-5534769BE699}.Release|Any CPU.ActiveCfg = Release|Any CPU
		{20CBB96D-7389-4A90-B3CC-5534769BE699}.Release|Any CPU.Build.0 = Release|Any CPU
		{20CBB96D-7389-4A90-B3CC-5534769BE699}.Release|x64.ActiveCfg = Release|Any CPU
		{20CBB96D-7389-4A90-B3CC-5534769BE699}.Release|x64.Build.0 = Release|Any CPU
		{20CBB96D-7389-4A90-B3CC-5534769BE699}.Release|x86.ActiveCfg = Release|Any CPU
		{20CBB96D-7389-4A90-B3CC-5534769BE699}.Release|x86.Build.0 = Release|Any CPU
	EndGlobalSection
	GlobalSection(SolutionProperties) = preSolution
		HideSolutionNode = FALSE
	EndGlobalSection
	GlobalSection(ExtensibilityGlobals) = postSolution
		SolutionGuid = {EFC73DC0-D229-471F-8A90-3D8E20E3ABCF}
	EndGlobalSection
EndGlobal
